
Microsoft Visual Studio Solution File, Format Version 12.00
# Visual Studio Version 17
VisualStudioVersion = 17.13.35825.156
MinimumVisualStudioVersion = 10.0.40219.1
Project("{FAE04EC0-301F-11D3-BF4B-00C04F79EFBC}") = "Ayalon.MFA.Core", "Ayalon.MFA.Core\Ayalon.MFA.Core.csproj", "{2626A566-760E-415B-8CED-A17FDF381A08}"
EndProject
Project("{FAE04EC0-301F-11D3-BF4B-00C04F79EFBC}") = "Ayalon.MFA.CredProvider", "Ayalon.MFA.CredProvider\Ayalon.MFA.CredProvider.csproj", "{C62B75B1-6022-4729-8C2C-7F8E0BE83E2D}"
EndProject
Project("{FAE04EC0-301F-11D3-BF4B-00C04F79EFBC}") = "Ayalon.MFA.CredProvider.Test", "Ayalon.MFA.CredProvider.Test\Ayalon.MFA.CredProvider.Test.csproj", "{658A5DAD-7CFF-4C37-9C11-BCEE5EB883FB}"
EndProject
Global
	GlobalSection(SolutionConfigurationPlatforms) = preSolution
		Debug|Any CPU = Debug|Any CPU
		Release|Any CPU = Release|Any CPU
	EndGlobalSection
	GlobalSection(ProjectConfigurationPlatforms) = postSolution
		{2626A566-760E-415B-8CED-A17FDF381A08}.Debug|Any CPU.ActiveCfg = Release|Any CPU
		{2626A566-760E-415B-8CED-A17FDF381A08}.Debug|Any CPU.Build.0 = Release|Any CPU
		{2626A566-760E-415B-8CED-A17FDF381A08}.Release|Any CPU.ActiveCfg = Debug|Any CPU
		{2626A566-760E-415B-8CED-A17FDF381A08}.Release|Any CPU.Build.0 = Debug|Any CPU
		{C62B75B1-6022-4729-8C2C-7F8E0BE83E2D}.Debug|Any CPU.ActiveCfg = Release|Any CPU
		{C62B75B1-6022-4729-8C2C-7F8E0BE83E2D}.Debug|Any CPU.Build.0 = Release|Any CPU
		{C62B75B1-6022-4729-8C2C-7F8E0BE83E2D}.Release|Any CPU.ActiveCfg = Debug|Any CPU
		{C62B75B1-6022-4729-8C2C-7F8E0BE83E2D}.Release|Any CPU.Build.0 = Debug|Any CPU
		{658A5DAD-7CFF-4C37-9C11-BCEE5EB883FB}.Debug|Any CPU.ActiveCfg = Debug|Any CPU
		{658A5DAD-7CFF-4C37-9C11-BCEE5EB883FB}.Debug|Any CPU.Build.0 = Debug|Any CPU
		{658A5DAD-7CFF-4C37-9C11-BCEE5EB883FB}.Release|Any CPU.ActiveCfg = Debug|Any CPU
		{658A5DAD-7CFF-4C37-9C11-BCEE5EB883FB}.Release|Any CPU.Build.0 = Debug|Any CPU
	EndGlobalSection
	GlobalSection(SolutionProperties) = preSolution
		HideSolutionNode = FALSE
	EndGlobalSection
	GlobalSection(ExtensibilityGlobals) = postSolution
		SolutionGuid = {9ADDD074-D484-4749-A92D-092E55D40C2C}
	EndGlobalSection
EndGlobal
